// !$*UTF8*$!
{
	archiveVersion = 1;
	classes = {
	};
	objectVersion = 56;
	objects = {

/* Begin PBXBuildFile section */
		C838BAC72A6947600042FFCE /* main.swift in Sources */ = {isa = PBXBuildFile; fileRef = C838BAC62A6947600042FFCE /* main.swift */; };
		C838BACF2A695DC80042FFCE /* TicTacToe.swift in Sources */ = {isa = PBXBuildFile; fileRef = C838BACE2A695DC80042FFCE /* TicTacToe.swift */; };
		C838BAD12A695DE80042FFCE /* Game.swift in Sources */ = {isa = PBXBuildFile; fileRef = C838BAD02A695DE80042FFCE /* Game.swift */; };
		C838BAD32A695E020042FFCE /* GameDelegate.swift in Sources */ = {isa = PBXBuildFile; fileRef = C838BAD22A695E020042FFCE /* GameDelegate.swift */; };
		C838BAD52A6978A80042FFCE /* GameTracker.swift in Sources */ = {isa = PBXBuildFile; fileRef = C838BAD42A6978A80042FFCE /* GameTracker.swift */; };
		C838BAD92A69AB0C0042FFCE /* InputError.swift in Sources */ = {isa = PBXBuildFile; fileRef = C838BAD82A69AB0C0042FFCE /* InputError.swift */; };
/* End PBXBuildFile section */

/* Begin PBXCopyFilesBuildPhase section */
		C838BAC12A6947600042FFCE /* CopyFiles */ = {
			isa = PBXCopyFilesBuildPhase;
			buildActionMask = 2147483647;
			dstPath = /usr/share/man/man1/;
			dstSubfolderSpec = 0;
			files = (
			);
			runOnlyForDeploymentPostprocessing = 1;
		};
/* End PBXCopyFilesBuildPhase section */

/* Begin PBXFileReference section */
		C838BAC32A6947600042FFCE /* tic-tac-toe-basic */ = {isa = PBXFileReference; explicitFileType = "compiled.mach-o.executable"; includeInIndex = 0; path = "tic-tac-toe-basic"; sourceTree = BUILT_PRODUCTS_DIR; };
		C838BAC62A6947600042FFCE /* main.swift */ = {isa = PBXFileReference; lastKnownFileType = sourcecode.swift; path = main.swift; sourceTree = "<group>"; };
		C838BACE2A695DC80042FFCE /* TicTacToe.swift */ = {isa = PBXFileReference; lastKnownFileType = sourcecode.swift; path = TicTacToe.swift; sourceTree = "<group>"; };
		C838BAD02A695DE80042FFCE /* Game.swift */ = {isa = PBXFileReference; lastKnownFileType = sourcecode.swift; path = Game.swift; sourceTree = "<group>"; };
		C838BAD22A695E020042FFCE /* GameDelegate.swift */ = {isa = PBXFileReference; lastKnownFileType = sourcecode.swift; path = GameDelegate.swift; sourceTree = "<group>"; };
		C838BAD42A6978A80042FFCE /* GameTracker.swift */ = {isa = PBXFileReference; lastKnownFileType = sourcecode.swift; path = GameTracker.swift; sourceTree = "<group>"; };
		C838BAD82A69AB0C0042FFCE /* InputError.swift */ = {isa = PBXFileReference; lastKnownFileType = sourcecode.swift; path = InputError.swift; sourceTree = "<group>"; };
/* End PBXFileReference section */

/* Begin PBXFrameworksBuildPhase section */
		C838BAC02A6947600042FFCE /* Frameworks */ = {
			isa = PBXFrameworksBuildPhase;
			buildActionMask = 2147483647;
			files = (
			);
			runOnlyForDeploymentPostprocessing = 0;
		};
/* End PBXFrameworksBuildPhase section */

/* Begin PBXGroup section */
		C838BABA2A69475F0042FFCE = {
			isa = PBXGroup;
			children = (
				C838BAC52A6947600042FFCE /* tic-tac-toe-basic */,
				C838BAC42A6947600042FFCE /* Products */,
			);
			sourceTree = "<group>";
		};
		C838BAC42A6947600042FFCE /* Products */ = {
			isa = PBXGroup;
			children = (
				C838BAC32A6947600042FFCE /* tic-tac-toe-basic */,
			);
			name = Products;
			sourceTree = "<group>";
		};
		C838BAC52A6947600042FFCE /* tic-tac-toe-basic */ = {
			isa = PBXGroup;
			children = (
				C838BAD62A69AACF0042FFCE /* Enums */,
				C838BACE2A695DC80042FFCE /* TicTacToe.swift */,
				C838BACD2A695CB80042FFCE /* Protocols */,
				C838BAC62A6947600042FFCE /* main.swift */,
				C838BAD42A6978A80042FFCE /* GameTracker.swift */,
			);
			path = "tic-tac-toe-basic";
			sourceTree = "<group>";
		};
		C838BACD2A695CB80042FFCE /* Protocols */ = {
			isa = PBXGroup;
			children = (
				C838BAD02A695DE80042FFCE /* Game.swift */,
				C838BAD22A695E020042FFCE /* GameDelegate.swift */,
			);
			path = Protocols;
			sourceTree = "<group>";
		};
		C838BAD62A69AACF0042FFCE /* Enums */ = {
			isa = PBXGroup;
			children = (
				C838BAD72A69AAEE0042FFCE /* Errors */,
			);
			path = Enums;
			sourceTree = "<group>";
		};
		C838BAD72A69AAEE0042FFCE /* Errors */ = {
			isa = PBXGroup;
			children = (
				C838BAD82A69AB0C0042FFCE /* InputError.swift */,
			);
			path = Errors;
			sourceTree = "<group>";
		};
/* End PBXGroup section */

/* Begin PBXNativeTarget section */
		C838BAC22A6947600042FFCE /* tic-tac-toe-basic */ = {
			isa = PBXNativeTarget;
			buildConfigurationList = C838BACA2A6947600042FFCE /* Build configuration list for PBXNativeTarget "tic-tac-toe-basic" */;
			buildPhases = (
				C838BABF2A6947600042FFCE /* Sources */,
				C838BAC02A6947600042FFCE /* Frameworks */,
				C838BAC12A6947600042FFCE /* CopyFiles */,
			);
			buildRules = (
			);
			dependencies = (
			);
			name = "tic-tac-toe-basic";
			productName = "tic-tac-toe-basic";
			productReference = C838BAC32A6947600042FFCE /* tic-tac-toe-basic */;
			productType = "com.apple.product-type.tool";
		};
/* End PBXNativeTarget section */

/* Begin PBXProject section */
		C838BABB2A69475F0042FFCE /* Project object */ = {
			isa = PBXProject;
			attributes = {
				BuildIndependentTargetsInParallel = 1;
				LastSwiftUpdateCheck = 1430;
				LastUpgradeCheck = 1430;
				TargetAttributes = {
					C838BAC22A6947600042FFCE = {
						CreatedOnToolsVersion = 14.3.1;
					};
				};
			};
			buildConfigurationList = C838BABE2A69475F0042FFCE /* Build configuration list for PBXProject "tic-tac-toe-basic" */;
			compatibilityVersion = "Xcode 14.0";
			developmentRegion = en;
			hasScannedForEncodings = 0;
			knownRegions = (
				en,
				Base,
			);
			mainGroup = C838BABA2A69475F0042FFCE;
			productRefGroup = C838BAC42A6947600042FFCE /* Products */;
			projectDirPath = "";
			projectRoot = "";
			targets = (
				C838BAC22A6947600042FFCE /* tic-tac-toe-basic */,
			);
		};
/* End PBXProject section */

/* Begin PBXSourcesBuildPhase section */
		C838BABF2A6947600042FFCE /* Sources */ = {
			isa = PBXSourcesBuildPhase;
			buildActionMask = 2147483647;
			files = (
				C838BACF2A695DC80042FFCE /* TicTacToe.swift in Sources */,
				C838BAD92A69AB0C0042FFCE /* InputError.swift in Sources */,
				C838BAD12A695DE80042FFCE /* Game.swift in Sources */,
				C838BAD32A695E020042FFCE /* GameDelegate.swift in Sources */,
				C838BAC72A6947600042FFCE /* main.swift in Sources */,
				C838BAD52A6978A80042FFCE /* GameTracker.swift in Sources */,
			);
			runOnlyForDeploymentPostprocessing = 0;
		};
/* End PBXSourcesBuildPhase section */

/* Begin XCBuildConfiguration section */
		C838BAC82A6947600042FFCE /* Debug */ = {
			isa = XCBuildConfiguration;
			buildSettings = {
				ALWAYS_SEARCH_USER_PATHS = NO;
				CLANG_ANALYZER_NONNULL = YES;
				CLANG_ANALYZER_NUMBER_OBJECT_CONVERSION = YES_AGGRESSIVE;
				CLANG_CXX_LANGUAGE_STANDARD = "gnu++20";
				CLANG_ENABLE_MODULES = YES;
				CLANG_ENABLE_OBJC_ARC = YES;
				CLANG_ENABLE_OBJC_WEAK = YES;
				CLANG_WARN_BLOCK_CAPTURE_AUTORELEASING = YES;
				CLANG_WARN_BOOL_CONVERSION = YES;
				CLANG_WARN_COMMA = YES;
				CLANG_WARN_CONSTANT_CONVERSION = YES;
				CLANG_WARN_DEPRECATED_OBJC_IMPLEMENTATIONS = YES;
				CLANG_WARN_DIRECT_OBJC_ISA_USAGE = YES_ERROR;
				CLANG_WARN_DOCUMENTATION_COMMENTS = YES;
				CLANG_WARN_EMPTY_BODY = YES;
				CLANG_WARN_ENUM_CONVERSION = YES;
				CLANG_WARN_INFINITE_RECURSION = YES;
				CLANG_WARN_INT_CONVERSION = YES;
				CLANG_WARN_NON_LITERAL_NULL_CONVERSION = YES;
				CLANG_WARN_OBJC_IMPLICIT_RETAIN_SELF = YES;
				CLANG_WARN_OBJC_LITERAL_CONVERSION = YES;
				CLANG_WARN_OBJC_ROOT_CLASS = YES_ERROR;
				CLANG_WARN_QUOTED_INCLUDE_IN_FRAMEWORK_HEADER = YES;
				CLANG_WARN_RANGE_LOOP_ANALYSIS = YES;
				CLANG_WARN_STRICT_PROTOTYPES = YES;
				CLANG_WARN_SUSPICIOUS_MOVE = YES;
				CLANG_WARN_UNGUARDED_AVAILABILITY = YES_AGGRESSIVE;
				CLANG_WARN_UNREACHABLE_CODE = YES;
				CLANG_WARN__DUPLICATE_METHOD_MATCH = YES;
				COPY_PHASE_STRIP = NO;
				DEBUG_INFORMATION_FORMAT = dwarf;
				ENABLE_STRICT_OBJC_MSGSEND = YES;
				ENABLE_TESTABILITY = YES;
				GCC_C_LANGUAGE_STANDARD = gnu11;
				GCC_DYNAMIC_NO_PIC = NO;
				GCC_NO_COMMON_BLOCKS = YES;
				GCC_OPTIMIZATION_LEVEL = 0;
				GCC_PREPROCESSOR_DEFINITIONS = (
					"DEBUG=1",
					"$(inherited)",
				);
				GCC_WARN_64_TO_32_BIT_CONVERSION = YES;
				GCC_WARN_ABOUT_RETURN_TYPE = YES_ERROR;
				GCC_WARN_UNDECLARED_SELECTOR = YES;
				GCC_WARN_UNINITIALIZED_AUTOS = YES_AGGRESSIVE;
				GCC_WARN_UNUSED_FUNCTION = YES;
				GCC_WARN_UNUSED_VARIABLE = YES;
				MACOSX_DEPLOYMENT_TARGET = 13.3;
				MTL_ENABLE_DEBUG_INFO = INCLUDE_SOURCE;
				MTL_FAST_MATH = YES;
				ONLY_ACTIVE_ARCH = YES;
				SDKROOT = macosx;
				SWIFT_ACTIVE_COMPILATION_CONDITIONS = DEBUG;
				SWIFT_OPTIMIZATION_LEVEL = "-Onone";
			};
			name = Debug;
		};
		C838BAC92A6947600042FFCE /* Release */ = {
			isa = XCBuildConfiguration;
			buildSettings = {
				ALWAYS_SEARCH_USER_PATHS = NO;
				CLANG_ANALYZER_NONNULL = YES;
				CLANG_ANALYZER_NUMBER_OBJECT_CONVERSION = YES_AGGRESSIVE;
				CLANG_CXX_LANGUAGE_STANDARD = "gnu++20";
				CLANG_ENABLE_MODULES = YES;
				CLANG_ENABLE_OBJC_ARC = YES;
				CLANG_ENABLE_OBJC_WEAK = YES;
				CLANG_WARN_BLOCK_CAPTURE_AUTORELEASING = YES;
				CLANG_WARN_BOOL_CONVERSION = YES;
				CLANG_WARN_COMMA = YES;
				CLANG_WARN_CONSTANT_CONVERSION = YES;
				CLANG_WARN_DEPRECATED_OBJC_IMPLEMENTATIONS = YES;
				CLANG_WARN_DIRECT_OBJC_ISA_USAGE = YES_ERROR;
				CLANG_WARN_DOCUMENTATION_COMMENTS = YES;
				CLANG_WARN_EMPTY_BODY = YES;
				CLANG_WARN_ENUM_CONVERSION = YES;
				CLANG_WARN_INFINITE_RECURSION = YES;
				CLANG_WARN_INT_CONVERSION = YES;
				CLANG_WARN_NON_LITERAL_NULL_CONVERSION = YES;
				CLANG_WARN_OBJC_IMPLICIT_RETAIN_SELF = YES;
				CLANG_WARN_OBJC_LITERAL_CONVERSION = YES;
				CLANG_WARN_OBJC_ROOT_CLASS = YES_ERROR;
				CLANG_WARN_QUOTED_INCLUDE_IN_FRAMEWORK_HEADER = YES;
				CLANG_WARN_RANGE_LOOP_ANALYSIS = YES;
				CLANG_WARN_STRICT_PROTOTYPES = YES;
				CLANG_WARN_SUSPICIOUS_MOVE = YES;
				CLANG_WARN_UNGUARDED_AVAILABILITY = YES_AGGRESSIVE;
				CLANG_WARN_UNREACHABLE_CODE = YES;
				CLANG_WARN__DUPLICATE_METHOD_MATCH = YES;
				COPY_PHASE_STRIP = NO;
				DEBUG_INFORMATION_FORMAT = "dwarf-with-dsym";
				ENABLE_NS_ASSERTIONS = NO;
				ENABLE_STRICT_OBJC_MSGSEND = YES;
				GCC_C_LANGUAGE_STANDARD = gnu11;
				GCC_NO_COMMON_BLOCKS = YES;
				GCC_WARN_64_TO_32_BIT_CONVERSION = YES;
				GCC_WARN_ABOUT_RETURN_TYPE = YES_ERROR;
				GCC_WARN_UNDECLARED_SELECTOR = YES;
				GCC_WARN_UNINITIALIZED_AUTOS = YES_AGGRESSIVE;
				GCC_WARN_UNUSED_FUNCTION = YES;
				GCC_WARN_UNUSED_VARIABLE = YES;
				MACOSX_DEPLOYMENT_TARGET = 13.3;
				MTL_ENABLE_DEBUG_INFO = NO;
				MTL_FAST_MATH = YES;
				SDKROOT = macosx;
				SWIFT_COMPILATION_MODE = wholemodule;
				SWIFT_OPTIMIZATION_LEVEL = "-O";
			};
			name = Release;
		};
		C838BACB2A6947600042FFCE /* Debug */ = {
			isa = XCBuildConfiguration;
			buildSettings = {
				CODE_SIGN_STYLE = Automatic;
				DEVELOPMENT_TEAM = FTU2HFGK26;
				ENABLE_HARDENED_RUNTIME = YES;
				PRODUCT_NAME = "$(TARGET_NAME)";
				SWIFT_VERSION = 5.0;
			};
			name = Debug;
		};
		C838BACC2A6947600042FFCE /* Release */ = {
			isa = XCBuildConfiguration;
			buildSettings = {
				CODE_SIGN_STYLE = Automatic;
				DEVELOPMENT_TEAM = FTU2HFGK26;
				ENABLE_HARDENED_RUNTIME = YES;
				PRODUCT_NAME = "$(TARGET_NAME)";
				SWIFT_VERSION = 5.0;
			};
			name = Release;
		};
/* End XCBuildConfiguration section */

/* Begin XCConfigurationList section */
		C838BABE2A69475F0042FFCE /* Build configuration list for PBXProject "tic-tac-toe-basic" */ = {
			isa = XCConfigurationList;
			buildConfigurations = (
				C838BAC82A6947600042FFCE /* Debug */,
				C838BAC92A6947600042FFCE /* Release */,
			);
			defaultConfigurationIsVisible = 0;
			defaultConfigurationName = Release;
		};
		C838BACA2A6947600042FFCE /* Build configuration list for PBXNativeTarget "tic-tac-toe-basic" */ = {
			isa = XCConfigurationList;
			buildConfigurations = (
				C838BACB2A6947600042FFCE /* Debug */,
				C838BACC2A6947600042FFCE /* Release */,
			);
			defaultConfigurationIsVisible = 0;
			defaultConfigurationName = Release;
		};
/* End XCConfigurationList section */
	};
	rootObject = C838BABB2A69475F0042FFCE /* Project object */;
}
